
Microsoft Visual Studio Solution File, Format Version 12.00
# Visual Studio Version 17
VisualStudioVersion = 17.6.33723.286
MinimumVisualStudioVersion = 10.0.40219.1
Project("{FAE04EC0-301F-11D3-BF4B-00C04F79EFBC}") = "MyPiBlazorApp1", "MyPiBlazorApp1.csproj", "{3BCCD1B6-8416-481F-929E-C61F2C503B1B}"
EndProject
Global
	GlobalSection(SolutionConfigurationPlatforms) = preSolution
		Debug|Any CPU = Debug|Any CPU
		Release|Any CPU = Release|Any CPU
	EndGlobalSection
	GlobalSection(ProjectConfigurationPlatforms) = postSolution
		{3BCCD1B6-8416-481F-929E-C61F2C503B1B}.Debug|Any CPU.ActiveCfg = Debug|Any CPU
		{3BCCD1B6-8416-481F-929E-C61F2C503B1B}.Debug|Any CPU.Build.0 = Debug|Any CPU
		{3BCCD1B6-8416-481F-929E-C61F2C503B1B}.Release|Any CPU.ActiveCfg = Release|Any CPU
		{3BCCD1B6-8416-481F-929E-C61F2C503B1B}.Release|Any CPU.Build.0 = Release|Any CPU
	EndGlobalSection
	GlobalSection(SolutionProperties) = preSolution
		HideSolutionNode = FALSE
	EndGlobalSection
	GlobalSection(ExtensibilityGlobals) = postSolution
		SolutionGuid = {3E9E7459-7A87-4F18-91E8-270C2834A116}
	EndGlobalSection
EndGlobal
